<Solution>
  <Folder Name="/Solution Items/">
    <File Path="Directory.Build.props" />
    <File Path="Directory.Packages.props" />
    <File Path="global.json" />
    <File Path="build.ps1" />
    <File Path="README.md" />
    <File Path="CHANGELOG.md" />
  </Folder>
  <Folder Name="/src/">
    <Project Path="src/MorniLAN.Shared/MorniLAN.Shared.csproj" />
    <Project Path="src/MorniLAN.Agent/MorniLAN.Agent.csproj" />
    <Project Path="src/MorniLAN.Launcher/MorniLAN.Launcher.csproj" />
    <Project Path="src/MorniLAN.Admin/MorniLAN.Admin.csproj" />
  </Folder>
  <Folder Name="/tests/">
    <Project Path="tests/MorniLAN.Tests/MorniLAN.Tests.csproj" />
  </Folder>
</Solution>
